{
  "nodes": {
    "flake-utils": {
      "locked": {
        "lastModified": 1618217525,
        "narHash": "sha256-WGrhVczjXTiswQaoxQ+0PTfbLNeOQM6M36zvLn78AYg=",
        "owner": "numtide",
        "repo": "flake-utils",
        "rev": "c6169a2772643c4a93a0b5ac1c61e296cba68544",
        "type": "github"
      },
      "original": {
        "owner": "numtide",
        "repo": "flake-utils",
        "type": "github"
      }
    },
    "make-shell": {
      "locked": {
        "lastModified": 1618621875,
        "narHash": "sha256-BLgERxhECDbNFcf5VdqhraWC/jsAAJbJG3n67iqWT4M=",
        "owner": "ursi",
        "repo": "nix-make-shell",
        "rev": "908f54ca8a3c5e45a2689aac27ba75aa5a02adaa",
        "type": "github"
      },
      "original": {
        "owner": "ursi",
        "repo": "nix-make-shell",
        "type": "github"
      }
    },
    "root": {
      "inputs": {
        "flake-utils": "flake-utils",
        "make-shell": "make-shell"
      }
    }
  },
  "root": "root",
  "version": 7
}
