{
  "nodes": {
    "flake-utils": {
      "locked": {
        "lastModified": 1618217525,
        "narHash": "sha256-WGrhVczjXTiswQaoxQ+0PTfbLNeOQM6M36zvLn78AYg=",
        "owner": "numtide",
        "repo": "flake-utils",
        "rev": "c6169a2772643c4a93a0b5ac1c61e296cba68544",
        "type": "github"
      },
      "original": {
        "owner": "numtide",
        "repo": "flake-utils",
        "type": "github"
      }
    },
    "make-shell": {
      "locked": {
        "lastModified": 1625172355,
        "narHash": "sha256-+B6thE3Mgx5sz6Lbs2TKwMAB97pvnwHsDuD18cInClk=",
        "owner": "ursi",
        "repo": "nix-make-shell",
        "rev": "a2e0314a8066d7c19cc5a6b5c26dd9167943164a",
        "type": "github"
      },
      "original": {
        "owner": "ursi",
        "ref": "1",
        "repo": "nix-make-shell",
        "type": "github"
      }
    },
    "root": {
      "inputs": {
        "flake-utils": "flake-utils",
        "make-shell": "make-shell"
      }
    }
  },
  "root": "root",
  "version": 7
}
